// !$*UTF8*$!
{
	archiveVersion = 1;
	classes = {
	};
	objectVersion = 56;
	objects = {

/* Begin PBXBuildFile section */
		2C8178082C32B7ED00B0693C /* NotificationViewController.swift in Sources */ = {isa = PBXBuildFile; fileRef = 2C8178072C32B7ED00B0693C /* NotificationViewController.swift */; };
		2CA78E192C31464100BFF466 /* AppDelegate.swift in Sources */ = {isa = PBXBuildFile; fileRef = 2CA78E182C31464100BFF466 /* AppDelegate.swift */; };
		2CA78E1B2C31464100BFF466 /* SceneDelegate.swift in Sources */ = {isa = PBXBuildFile; fileRef = 2CA78E1A2C31464100BFF466 /* SceneDelegate.swift */; };
		2CA78E202C31464100BFF466 /* Base in Resources */ = {isa = PBXBuildFile; fileRef = 2CA78E1F2C31464100BFF466 /* Base */; };
		2CA78E222C31464200BFF466 /* Assets.xcassets in Resources */ = {isa = PBXBuildFile; fileRef = 2CA78E212C31464200BFF466 /* Assets.xcassets */; };
		2CA78E252C31464200BFF466 /* Base in Resources */ = {isa = PBXBuildFile; fileRef = 2CA78E242C31464200BFF466 /* Base */; };
		2CA78E2E2C31524400BFF466 /* Moya in Frameworks */ = {isa = PBXBuildFile; productRef = 2CA78E2D2C31524400BFF466 /* Moya */; };
		2CA78E312C31525700BFF466 /* SnapKit in Frameworks */ = {isa = PBXBuildFile; productRef = 2CA78E302C31525700BFF466 /* SnapKit */; };
		2CA78E342C31526400BFF466 /* Then in Frameworks */ = {isa = PBXBuildFile; productRef = 2CA78E332C31526400BFF466 /* Then */; };
		2CA78E372C3152C300BFF466 /* RxCocoa in Frameworks */ = {isa = PBXBuildFile; productRef = 2CA78E362C3152C300BFF466 /* RxCocoa */; };
		2CB562042C3424C000CE2144 /* TableViewController.swift in Sources */ = {isa = PBXBuildFile; fileRef = 2CB562032C3424C000CE2144 /* TableViewController.swift */; };
		2CB562082C344C7400CE2144 /* AccountManageViewController.swift in Sources */ = {isa = PBXBuildFile; fileRef = 2CB562072C344C7400CE2144 /* AccountManageViewController.swift */; };
		2CB5620A2C3453C300CE2144 /* PickerTableViewController.swift in Sources */ = {isa = PBXBuildFile; fileRef = 2CB562092C3453C300CE2144 /* PickerTableViewController.swift */; };
/* End PBXBuildFile section */

/* Begin PBXFileReference section */
		2C8178072C32B7ED00B0693C /* NotificationViewController.swift */ = {isa = PBXFileReference; lastKnownFileType = sourcecode.swift; path = NotificationViewController.swift; sourceTree = "<group>"; };
		2CA78E152C31464100BFF466 /* Demo.app */ = {isa = PBXFileReference; explicitFileType = wrapper.application; includeInIndex = 0; path = Demo.app; sourceTree = BUILT_PRODUCTS_DIR; };
		2CA78E182C31464100BFF466 /* AppDelegate.swift */ = {isa = PBXFileReference; lastKnownFileType = sourcecode.swift; path = AppDelegate.swift; sourceTree = "<group>"; };
		2CA78E1A2C31464100BFF466 /* SceneDelegate.swift */ = {isa = PBXFileReference; lastKnownFileType = sourcecode.swift; path = SceneDelegate.swift; sourceTree = "<group>"; };
		2CA78E1F2C31464100BFF466 /* Base */ = {isa = PBXFileReference; lastKnownFileType = file.storyboard; name = Base; path = Base.lproj/Main.storyboard; sourceTree = "<group>"; };
		2CA78E212C31464200BFF466 /* Assets.xcassets */ = {isa = PBXFileReference; lastKnownFileType = folder.assetcatalog; path = Assets.xcassets; sourceTree = "<group>"; };
		2CA78E242C31464200BFF466 /* Base */ = {isa = PBXFileReference; lastKnownFileType = file.storyboard; name = Base; path = Base.lproj/LaunchScreen.storyboard; sourceTree = "<group>"; };
		2CA78E262C31464200BFF466 /* Info.plist */ = {isa = PBXFileReference; lastKnownFileType = text.plist.xml; path = Info.plist; sourceTree = "<group>"; };
		2CB562032C3424C000CE2144 /* TableViewController.swift */ = {isa = PBXFileReference; lastKnownFileType = sourcecode.swift; path = TableViewController.swift; sourceTree = "<group>"; };
		2CB562072C344C7400CE2144 /* AccountManageViewController.swift */ = {isa = PBXFileReference; lastKnownFileType = sourcecode.swift; path = AccountManageViewController.swift; sourceTree = "<group>"; };
		2CB562092C3453C300CE2144 /* PickerTableViewController.swift */ = {isa = PBXFileReference; lastKnownFileType = sourcecode.swift; path = PickerTableViewController.swift; sourceTree = "<group>"; };
/* End PBXFileReference section */

/* Begin PBXFrameworksBuildPhase section */
		2CA78E122C31464100BFF466 /* Frameworks */ = {
			isa = PBXFrameworksBuildPhase;
			buildActionMask = 2147483647;
			files = (
				2CA78E2E2C31524400BFF466 /* Moya in Frameworks */,
				2CA78E342C31526400BFF466 /* Then in Frameworks */,
				2CA78E372C3152C300BFF466 /* RxCocoa in Frameworks */,
				2CA78E312C31525700BFF466 /* SnapKit in Frameworks */,
			);
			runOnlyForDeploymentPostprocessing = 0;
		};
/* End PBXFrameworksBuildPhase section */

/* Begin PBXGroup section */
		2C8178052C32B01600B0693C /* MyPage */ = {
			isa = PBXGroup;
			children = (
				2CB562032C3424C000CE2144 /* TableViewController.swift */,
				2CB562092C3453C300CE2144 /* PickerTableViewController.swift */,
			);
			path = MyPage;
			sourceTree = "<group>";
		};
		2C8178062C32B7C500B0693C /* SettingNotification */ = {
			isa = PBXGroup;
			children = (
				2C8178072C32B7ED00B0693C /* NotificationViewController.swift */,
			);
			path = SettingNotification;
			sourceTree = "<group>";
		};
		2CA78E0C2C31464100BFF466 = {
			isa = PBXGroup;
			children = (
				2CA78E172C31464100BFF466 /* Demo */,
				2CA78E162C31464100BFF466 /* Products */,
			);
			sourceTree = "<group>";
		};
		2CA78E162C31464100BFF466 /* Products */ = {
			isa = PBXGroup;
			children = (
				2CA78E152C31464100BFF466 /* Demo.app */,
			);
			name = Products;
			sourceTree = "<group>";
		};
		2CA78E172C31464100BFF466 /* Demo */ = {
			isa = PBXGroup;
			children = (
				2CB562062C344C5B00CE2144 /* AccountManage */,
				2C8178062C32B7C500B0693C /* SettingNotification */,
				2C8178052C32B01600B0693C /* MyPage */,
				2CA78E182C31464100BFF466 /* AppDelegate.swift */,
				2CA78E1A2C31464100BFF466 /* SceneDelegate.swift */,
				2CA78E1E2C31464100BFF466 /* Main.storyboard */,
				2CA78E212C31464200BFF466 /* Assets.xcassets */,
				2CA78E232C31464200BFF466 /* LaunchScreen.storyboard */,
				2CA78E262C31464200BFF466 /* Info.plist */,
			);
			path = Demo;
			sourceTree = "<group>";
		};
		2CB562062C344C5B00CE2144 /* AccountManage */ = {
			isa = PBXGroup;
			children = (
				2CB562072C344C7400CE2144 /* AccountManageViewController.swift */,
			);
			path = AccountManage;
			sourceTree = "<group>";
		};
/* End PBXGroup section */

/* Begin PBXNativeTarget section */
		2CA78E142C31464100BFF466 /* Demo */ = {
			isa = PBXNativeTarget;
			buildConfigurationList = 2CA78E292C31464200BFF466 /* Build configuration list for PBXNativeTarget "Demo" */;
			buildPhases = (
				2CA78E112C31464100BFF466 /* Sources */,
				2CA78E122C31464100BFF466 /* Frameworks */,
				2CA78E132C31464100BFF466 /* Resources */,
			);
			buildRules = (
			);
			dependencies = (
			);
			name = Demo;
			packageProductDependencies = (
				2CA78E2D2C31524400BFF466 /* Moya */,
				2CA78E302C31525700BFF466 /* SnapKit */,
				2CA78E332C31526400BFF466 /* Then */,
				2CA78E362C3152C300BFF466 /* RxCocoa */,
			);
			productName = Demo;
			productReference = 2CA78E152C31464100BFF466 /* Demo.app */;
			productType = "com.apple.product-type.application";
		};
/* End PBXNativeTarget section */

/* Begin PBXProject section */
		2CA78E0D2C31464100BFF466 /* Project object */ = {
			isa = PBXProject;
			attributes = {
				BuildIndependentTargetsInParallel = 1;
				LastSwiftUpdateCheck = 1530;
				LastUpgradeCheck = 1530;
				TargetAttributes = {
					2CA78E142C31464100BFF466 = {
						CreatedOnToolsVersion = 15.3;
					};
				};
			};
			buildConfigurationList = 2CA78E102C31464100BFF466 /* Build configuration list for PBXProject "Demo" */;
			compatibilityVersion = "Xcode 14.0";
			developmentRegion = en;
			hasScannedForEncodings = 0;
			knownRegions = (
				en,
				Base,
			);
			mainGroup = 2CA78E0C2C31464100BFF466;
			packageReferences = (
				2CA78E2C2C31524400BFF466 /* XCRemoteSwiftPackageReference "Moya" */,
				2CA78E2F2C31525700BFF466 /* XCRemoteSwiftPackageReference "SnapKit" */,
				2CA78E322C31526400BFF466 /* XCRemoteSwiftPackageReference "Then" */,
				2CA78E352C3152C300BFF466 /* XCRemoteSwiftPackageReference "RxSwift" */,
			);
			productRefGroup = 2CA78E162C31464100BFF466 /* Products */;
			projectDirPath = "";
			projectRoot = "";
			targets = (
				2CA78E142C31464100BFF466 /* Demo */,
			);
		};
/* End PBXProject section */

/* Begin PBXResourcesBuildPhase section */
		2CA78E132C31464100BFF466 /* Resources */ = {
			isa = PBXResourcesBuildPhase;
			buildActionMask = 2147483647;
			files = (
				2CA78E222C31464200BFF466 /* Assets.xcassets in Resources */,
				2CA78E252C31464200BFF466 /* Base in Resources */,
				2CA78E202C31464100BFF466 /* Base in Resources */,
			);
			runOnlyForDeploymentPostprocessing = 0;
		};
/* End PBXResourcesBuildPhase section */

/* Begin PBXSourcesBuildPhase section */
		2CA78E112C31464100BFF466 /* Sources */ = {
			isa = PBXSourcesBuildPhase;
			buildActionMask = 2147483647;
			files = (
				2C8178082C32B7ED00B0693C /* NotificationViewController.swift in Sources */,
				2CB562042C3424C000CE2144 /* TableViewController.swift in Sources */,
				2CB562082C344C7400CE2144 /* AccountManageViewController.swift in Sources */,
				2CA78E192C31464100BFF466 /* AppDelegate.swift in Sources */,
				2CA78E1B2C31464100BFF466 /* SceneDelegate.swift in Sources */,
				2CB5620A2C3453C300CE2144 /* PickerTableViewController.swift in Sources */,
			);
			runOnlyForDeploymentPostprocessing = 0;
		};
/* End PBXSourcesBuildPhase section */

/* Begin PBXVariantGroup section */
		2CA78E1E2C31464100BFF466 /* Main.storyboard */ = {
			isa = PBXVariantGroup;
			children = (
				2CA78E1F2C31464100BFF466 /* Base */,
			);
			name = Main.storyboard;
			sourceTree = "<group>";
		};
		2CA78E232C31464200BFF466 /* LaunchScreen.storyboard */ = {
			isa = PBXVariantGroup;
			children = (
				2CA78E242C31464200BFF466 /* Base */,
			);
			name = LaunchScreen.storyboard;
			sourceTree = "<group>";
		};
/* End PBXVariantGroup section */

/* Begin XCBuildConfiguration section */
		2CA78E272C31464200BFF466 /* Debug */ = {
			isa = XCBuildConfiguration;
			buildSettings = {
				ALWAYS_SEARCH_USER_PATHS = NO;
				ASSETCATALOG_COMPILER_GENERATE_SWIFT_ASSET_SYMBOL_EXTENSIONS = YES;
				CLANG_ANALYZER_NONNULL = YES;
				CLANG_ANALYZER_NUMBER_OBJECT_CONVERSION = YES_AGGRESSIVE;
				CLANG_CXX_LANGUAGE_STANDARD = "gnu++20";
				CLANG_ENABLE_MODULES = YES;
				CLANG_ENABLE_OBJC_ARC = YES;
				CLANG_ENABLE_OBJC_WEAK = YES;
				CLANG_WARN_BLOCK_CAPTURE_AUTORELEASING = YES;
				CLANG_WARN_BOOL_CONVERSION = YES;
				CLANG_WARN_COMMA = YES;
				CLANG_WARN_CONSTANT_CONVERSION = YES;
				CLANG_WARN_DEPRECATED_OBJC_IMPLEMENTATIONS = YES;
				CLANG_WARN_DIRECT_OBJC_ISA_USAGE = YES_ERROR;
				CLANG_WARN_DOCUMENTATION_COMMENTS = YES;
				CLANG_WARN_EMPTY_BODY = YES;
				CLANG_WARN_ENUM_CONVERSION = YES;
				CLANG_WARN_INFINITE_RECURSION = YES;
				CLANG_WARN_INT_CONVERSION = YES;
				CLANG_WARN_NON_LITERAL_NULL_CONVERSION = YES;
				CLANG_WARN_OBJC_IMPLICIT_RETAIN_SELF = YES;
				CLANG_WARN_OBJC_LITERAL_CONVERSION = YES;
				CLANG_WARN_OBJC_ROOT_CLASS = YES_ERROR;
				CLANG_WARN_QUOTED_INCLUDE_IN_FRAMEWORK_HEADER = YES;
				CLANG_WARN_RANGE_LOOP_ANALYSIS = YES;
				CLANG_WARN_STRICT_PROTOTYPES = YES;
				CLANG_WARN_SUSPICIOUS_MOVE = YES;
				CLANG_WARN_UNGUARDED_AVAILABILITY = YES_AGGRESSIVE;
				CLANG_WARN_UNREACHABLE_CODE = YES;
				CLANG_WARN__DUPLICATE_METHOD_MATCH = YES;
				COPY_PHASE_STRIP = NO;
				DEBUG_INFORMATION_FORMAT = dwarf;
				ENABLE_STRICT_OBJC_MSGSEND = YES;
				ENABLE_TESTABILITY = YES;
				ENABLE_USER_SCRIPT_SANDBOXING = YES;
				GCC_C_LANGUAGE_STANDARD = gnu17;
				GCC_DYNAMIC_NO_PIC = NO;
				GCC_NO_COMMON_BLOCKS = YES;
				GCC_OPTIMIZATION_LEVEL = 0;
				GCC_PREPROCESSOR_DEFINITIONS = (
					"DEBUG=1",
					"$(inherited)",
				);
				GCC_WARN_64_TO_32_BIT_CONVERSION = YES;
				GCC_WARN_ABOUT_RETURN_TYPE = YES_ERROR;
				GCC_WARN_UNDECLARED_SELECTOR = YES;
				GCC_WARN_UNINITIALIZED_AUTOS = YES_AGGRESSIVE;
				GCC_WARN_UNUSED_FUNCTION = YES;
				GCC_WARN_UNUSED_VARIABLE = YES;
				IPHONEOS_DEPLOYMENT_TARGET = 17.4;
				LOCALIZATION_PREFERS_STRING_CATALOGS = YES;
				MTL_ENABLE_DEBUG_INFO = INCLUDE_SOURCE;
				MTL_FAST_MATH = YES;
				ONLY_ACTIVE_ARCH = YES;
				SDKROOT = iphoneos;
				SWIFT_ACTIVE_COMPILATION_CONDITIONS = "DEBUG $(inherited)";
				SWIFT_OPTIMIZATION_LEVEL = "-Onone";
			};
			name = Debug;
		};
		2CA78E282C31464200BFF466 /* Release */ = {
			isa = XCBuildConfiguration;
			buildSettings = {
				ALWAYS_SEARCH_USER_PATHS = NO;
				ASSETCATALOG_COMPILER_GENERATE_SWIFT_ASSET_SYMBOL_EXTENSIONS = YES;
				CLANG_ANALYZER_NONNULL = YES;
				CLANG_ANALYZER_NUMBER_OBJECT_CONVERSION = YES_AGGRESSIVE;
				CLANG_CXX_LANGUAGE_STANDARD = "gnu++20";
				CLANG_ENABLE_MODULES = YES;
				CLANG_ENABLE_OBJC_ARC = YES;
				CLANG_ENABLE_OBJC_WEAK = YES;
				CLANG_WARN_BLOCK_CAPTURE_AUTORELEASING = YES;
				CLANG_WARN_BOOL_CONVERSION = YES;
				CLANG_WARN_COMMA = YES;
				CLANG_WARN_CONSTANT_CONVERSION = YES;
				CLANG_WARN_DEPRECATED_OBJC_IMPLEMENTATIONS = YES;
				CLANG_WARN_DIRECT_OBJC_ISA_USAGE = YES_ERROR;
				CLANG_WARN_DOCUMENTATION_COMMENTS = YES;
				CLANG_WARN_EMPTY_BODY = YES;
				CLANG_WARN_ENUM_CONVERSION = YES;
				CLANG_WARN_INFINITE_RECURSION = YES;
				CLANG_WARN_INT_CONVERSION = YES;
				CLANG_WARN_NON_LITERAL_NULL_CONVERSION = YES;
				CLANG_WARN_OBJC_IMPLICIT_RETAIN_SELF = YES;
				CLANG_WARN_OBJC_LITERAL_CONVERSION = YES;
				CLANG_WARN_OBJC_ROOT_CLASS = YES_ERROR;
				CLANG_WARN_QUOTED_INCLUDE_IN_FRAMEWORK_HEADER = YES;
				CLANG_WARN_RANGE_LOOP_ANALYSIS = YES;
				CLANG_WARN_STRICT_PROTOTYPES = YES;
				CLANG_WARN_SUSPICIOUS_MOVE = YES;
				CLANG_WARN_UNGUARDED_AVAILABILITY = YES_AGGRESSIVE;
				CLANG_WARN_UNREACHABLE_CODE = YES;
				CLANG_WARN__DUPLICATE_METHOD_MATCH = YES;
				COPY_PHASE_STRIP = NO;
				DEBUG_INFORMATION_FORMAT = "dwarf-with-dsym";
				ENABLE_NS_ASSERTIONS = NO;
				ENABLE_STRICT_OBJC_MSGSEND = YES;
				ENABLE_USER_SCRIPT_SANDBOXING = YES;
				GCC_C_LANGUAGE_STANDARD = gnu17;
				GCC_NO_COMMON_BLOCKS = YES;
				GCC_WARN_64_TO_32_BIT_CONVERSION = YES;
				GCC_WARN_ABOUT_RETURN_TYPE = YES_ERROR;
				GCC_WARN_UNDECLARED_SELECTOR = YES;
				GCC_WARN_UNINITIALIZED_AUTOS = YES_AGGRESSIVE;
				GCC_WARN_UNUSED_FUNCTION = YES;
				GCC_WARN_UNUSED_VARIABLE = YES;
				IPHONEOS_DEPLOYMENT_TARGET = 17.4;
				LOCALIZATION_PREFERS_STRING_CATALOGS = YES;
				MTL_ENABLE_DEBUG_INFO = NO;
				MTL_FAST_MATH = YES;
				SDKROOT = iphoneos;
				SWIFT_COMPILATION_MODE = wholemodule;
				VALIDATE_PRODUCT = YES;
			};
			name = Release;
		};
		2CA78E2A2C31464200BFF466 /* Debug */ = {
			isa = XCBuildConfiguration;
			buildSettings = {
				ASSETCATALOG_COMPILER_APPICON_NAME = AppIcon;
				ASSETCATALOG_COMPILER_GLOBAL_ACCENT_COLOR_NAME = AccentColor;
				CODE_SIGN_STYLE = Automatic;
				CURRENT_PROJECT_VERSION = 1;
				DEVELOPMENT_TEAM = MQ4ZG67BX3;
				GENERATE_INFOPLIST_FILE = YES;
				INFOPLIST_FILE = Demo/Info.plist;
				INFOPLIST_KEY_UIApplicationSupportsIndirectInputEvents = YES;
				INFOPLIST_KEY_UILaunchStoryboardName = LaunchScreen;
				INFOPLIST_KEY_UIMainStoryboardFile = Main;
				INFOPLIST_KEY_UISupportedInterfaceOrientations_iPad = "UIInterfaceOrientationPortrait UIInterfaceOrientationPortraitUpsideDown UIInterfaceOrientationLandscapeLeft UIInterfaceOrientationLandscapeRight";
				INFOPLIST_KEY_UISupportedInterfaceOrientations_iPhone = "UIInterfaceOrientationPortrait UIInterfaceOrientationLandscapeLeft UIInterfaceOrientationLandscapeRight";
				LD_RUNPATH_SEARCH_PATHS = (
					"$(inherited)",
					"@executable_path/Frameworks",
				);
				MARKETING_VERSION = 1.0;
				PRODUCT_BUNDLE_IDENTIFIER = com.osy.Demo;
				PRODUCT_NAME = "$(TARGET_NAME)";
				SWIFT_EMIT_LOC_STRINGS = YES;
				SWIFT_VERSION = 5.0;
				TARGETED_DEVICE_FAMILY = "1,2";
			};
			name = Debug;
		};
		2CA78E2B2C31464200BFF466 /* Release */ = {
			isa = XCBuildConfiguration;
			buildSettings = {
				ASSETCATALOG_COMPILER_APPICON_NAME = AppIcon;
				ASSETCATALOG_COMPILER_GLOBAL_ACCENT_COLOR_NAME = AccentColor;
				CODE_SIGN_STYLE = Automatic;
				CURRENT_PROJECT_VERSION = 1;
				DEVELOPMENT_TEAM = MQ4ZG67BX3;
				GENERATE_INFOPLIST_FILE = YES;
				INFOPLIST_FILE = Demo/Info.plist;
				INFOPLIST_KEY_UIApplicationSupportsIndirectInputEvents = YES;
				INFOPLIST_KEY_UILaunchStoryboardName = LaunchScreen;
				INFOPLIST_KEY_UIMainStoryboardFile = Main;
				INFOPLIST_KEY_UISupportedInterfaceOrientations_iPad = "UIInterfaceOrientationPortrait UIInterfaceOrientationPortraitUpsideDown UIInterfaceOrientationLandscapeLeft UIInterfaceOrientationLandscapeRight";
				INFOPLIST_KEY_UISupportedInterfaceOrientations_iPhone = "UIInterfaceOrientationPortrait UIInterfaceOrientationLandscapeLeft UIInterfaceOrientationLandscapeRight";
				LD_RUNPATH_SEARCH_PATHS = (
					"$(inherited)",
					"@executable_path/Frameworks",
				);
				MARKETING_VERSION = 1.0;
				PRODUCT_BUNDLE_IDENTIFIER = com.osy.Demo;
				PRODUCT_NAME = "$(TARGET_NAME)";
				SWIFT_EMIT_LOC_STRINGS = YES;
				SWIFT_VERSION = 5.0;
				TARGETED_DEVICE_FAMILY = "1,2";
			};
			name = Release;
		};
/* End XCBuildConfiguration section */

/* Begin XCConfigurationList section */
		2CA78E102C31464100BFF466 /* Build configuration list for PBXProject "Demo" */ = {
			isa = XCConfigurationList;
			buildConfigurations = (
				2CA78E272C31464200BFF466 /* Debug */,
				2CA78E282C31464200BFF466 /* Release */,
			);
			defaultConfigurationIsVisible = 0;
			defaultConfigurationName = Release;
		};
		2CA78E292C31464200BFF466 /* Build configuration list for PBXNativeTarget "Demo" */ = {
			isa = XCConfigurationList;
			buildConfigurations = (
				2CA78E2A2C31464200BFF466 /* Debug */,
				2CA78E2B2C31464200BFF466 /* Release */,
			);
			defaultConfigurationIsVisible = 0;
			defaultConfigurationName = Release;
		};
/* End XCConfigurationList section */

/* Begin XCRemoteSwiftPackageReference section */
		2CA78E2C2C31524400BFF466 /* XCRemoteSwiftPackageReference "Moya" */ = {
			isa = XCRemoteSwiftPackageReference;
			repositoryURL = "https://github.com/Moya/Moya";
			requirement = {
				kind = upToNextMajorVersion;
				minimumVersion = 15.0.3;
			};
		};
		2CA78E2F2C31525700BFF466 /* XCRemoteSwiftPackageReference "SnapKit" */ = {
			isa = XCRemoteSwiftPackageReference;
			repositoryURL = "https://github.com/SnapKit/SnapKit";
			requirement = {
				kind = upToNextMajorVersion;
				minimumVersion = 5.7.1;
			};
		};
		2CA78E322C31526400BFF466 /* XCRemoteSwiftPackageReference "Then" */ = {
			isa = XCRemoteSwiftPackageReference;
			repositoryURL = "https://github.com/devxoul/Then";
			requirement = {
				kind = upToNextMajorVersion;
				minimumVersion = 3.0.0;
			};
		};
		2CA78E352C3152C300BFF466 /* XCRemoteSwiftPackageReference "RxSwift" */ = {
			isa = XCRemoteSwiftPackageReference;
			repositoryURL = "https://github.com/ReactiveX/RxSwift";
			requirement = {
				kind = upToNextMajorVersion;
				minimumVersion = 6.7.1;
			};
		};
/* End XCRemoteSwiftPackageReference section */

/* Begin XCSwiftPackageProductDependency section */
		2CA78E2D2C31524400BFF466 /* Moya */ = {
			isa = XCSwiftPackageProductDependency;
			package = 2CA78E2C2C31524400BFF466 /* XCRemoteSwiftPackageReference "Moya" */;
			productName = Moya;
		};
		2CA78E302C31525700BFF466 /* SnapKit */ = {
			isa = XCSwiftPackageProductDependency;
			package = 2CA78E2F2C31525700BFF466 /* XCRemoteSwiftPackageReference "SnapKit" */;
			productName = SnapKit;
		};
		2CA78E332C31526400BFF466 /* Then */ = {
			isa = XCSwiftPackageProductDependency;
			package = 2CA78E322C31526400BFF466 /* XCRemoteSwiftPackageReference "Then" */;
			productName = Then;
		};
		2CA78E362C3152C300BFF466 /* RxCocoa */ = {
			isa = XCSwiftPackageProductDependency;
			package = 2CA78E352C3152C300BFF466 /* XCRemoteSwiftPackageReference "RxSwift" */;
			productName = RxCocoa;
		};
/* End XCSwiftPackageProductDependency section */
	};
	rootObject = 2CA78E0D2C31464100BFF466 /* Project object */;
}
